// !$*UTF8*$!
{
	archiveVersion = 1;
	classes = {
	};
	objectVersion = 56;
	objects = {

/* Begin PBXBuildFile section */
		9412A73C2C0C724D00CD3F3B /* ChatMessage.swift in Sources */ = {isa = PBXBuildFile; fileRef = 9412A73B2C0C724D00CD3F3B /* ChatMessage.swift */; };
		9412A73E2C0C740200CD3F3B /* BERTSQUADFP16.mlmodel in Sources */ = {isa = PBXBuildFile; fileRef = 9412A73D2C0C740200CD3F3B /* BERTSQUADFP16.mlmodel */; };
		9412A7482C0C77CC00CD3F3B /* TextSpeechProcessingView.swift in Sources */ = {isa = PBXBuildFile; fileRef = 9412A7472C0C77CC00CD3F3B /* TextSpeechProcessingView.swift */; };
		9412A7502C0C797600CD3F3B /* SpeechRecognizer.swift in Sources */ = {isa = PBXBuildFile; fileRef = 9412A74F2C0C797600CD3F3B /* SpeechRecognizer.swift */; };
		9412A7562C0C918800CD3F3B /* SpeechProcessingView.swift in Sources */ = {isa = PBXBuildFile; fileRef = 9412A7552C0C918800CD3F3B /* SpeechProcessingView.swift */; };
		9412A7582C0CCC3800CD3F3B /* NLLanguage + Ext.swift in Sources */ = {isa = PBXBuildFile; fileRef = 9412A7572C0CCC3800CD3F3B /* NLLanguage + Ext.swift */; };
		94AD429B2BAF1AC0008F2126 /* SummarizedTextView.swift in Sources */ = {isa = PBXBuildFile; fileRef = 94AD429A2BAF1AC0008F2126 /* SummarizedTextView.swift */; };
		94C43AC92BAE0A8800E23260 /* NLTextProcessing in Frameworks */ = {isa = PBXBuildFile; productRef = 94C43AC82BAE0A8800E23260 /* NLTextProcessing */; };
		94C43ACC2BAE144F00E23260 /* TextSummaryView.swift in Sources */ = {isa = PBXBuildFile; fileRef = 94C43ACB2BAE144F00E23260 /* TextSummaryView.swift */; };
		94C43ACF2BAE147C00E23260 /* TextInputView.swift in Sources */ = {isa = PBXBuildFile; fileRef = 94C43ACE2BAE147C00E23260 /* TextInputView.swift */; };
		94C43AD12BAE14AC00E23260 /* TextInputViewModel.swift in Sources */ = {isa = PBXBuildFile; fileRef = 94C43AD02BAE14AC00E23260 /* TextInputViewModel.swift */; };
		94C43AD52BAE17AE00E23260 /* TextSummaryViewModel.swift in Sources */ = {isa = PBXBuildFile; fileRef = 94C43AD42BAE17AE00E23260 /* TextSummaryViewModel.swift */; };
		94CE0E762BE25BE7006137C7 /* AskQuestionsView.swift in Sources */ = {isa = PBXBuildFile; fileRef = 94CE0E752BE25BE7006137C7 /* AskQuestionsView.swift */; };
		94CE0E7A2BE25C2B006137C7 /* AskQuestionsViewModel.swift in Sources */ = {isa = PBXBuildFile; fileRef = 94CE0E792BE25C2B006137C7 /* AskQuestionsViewModel.swift */; };
		94CE0E942BE293FB006137C7 /* BERT.swift in Sources */ = {isa = PBXBuildFile; fileRef = 94CE0E932BE293FB006137C7 /* BERT.swift */; };
		94CE0E962BE29534006137C7 /* MLMultiArray + Ext.swift in Sources */ = {isa = PBXBuildFile; fileRef = 94CE0E952BE29534006137C7 /* MLMultiArray + Ext.swift */; };
		94CE0E982BE29594006137C7 /* Math.swift in Sources */ = {isa = PBXBuildFile; fileRef = 94CE0E972BE29594006137C7 /* Math.swift */; };
		94CE0E9A2BE297F1006137C7 /* BERTTokenizer.swift in Sources */ = {isa = PBXBuildFile; fileRef = 94CE0E992BE297F1006137C7 /* BERTTokenizer.swift */; };
		94CE0E9D2BE29C8F006137C7 /* ActionButtonStyle.swift in Sources */ = {isa = PBXBuildFile; fileRef = 94CE0E9C2BE29C8F006137C7 /* ActionButtonStyle.swift */; };
		94CE0E9F2BE2A4C7006137C7 /* AskQuestionsChat.swift in Sources */ = {isa = PBXBuildFile; fileRef = 94CE0E9E2BE2A4C7006137C7 /* AskQuestionsChat.swift */; };
		94D411942B9C8D2D00951D75 /* Text_ProcessingApp.swift in Sources */ = {isa = PBXBuildFile; fileRef = 94D411932B9C8D2D00951D75 /* Text_ProcessingApp.swift */; };
		94D411962B9C8D2D00951D75 /* ProcessingCategoriesView.swift in Sources */ = {isa = PBXBuildFile; fileRef = 94D411952B9C8D2D00951D75 /* ProcessingCategoriesView.swift */; };
		94D411982B9C8D2E00951D75 /* Assets.xcassets in Resources */ = {isa = PBXBuildFile; fileRef = 94D411972B9C8D2E00951D75 /* Assets.xcassets */; };
		94D4119B2B9C8D2E00951D75 /* Preview Assets.xcassets in Resources */ = {isa = PBXBuildFile; fileRef = 94D4119A2B9C8D2E00951D75 /* Preview Assets.xcassets */; };
		94D411A82B9C8DE900951D75 /* MainViewModel.swift in Sources */ = {isa = PBXBuildFile; fileRef = 94D411A72B9C8DE900951D75 /* MainViewModel.swift */; };
		94D411AC2B9C8F4F00951D75 /* LocalizableStrings.swift in Sources */ = {isa = PBXBuildFile; fileRef = 94D411AB2B9C8F4F00951D75 /* LocalizableStrings.swift */; };
		94D411B02B9C8FB500951D75 /* String + Ext.swift in Sources */ = {isa = PBXBuildFile; fileRef = 94D411AF2B9C8FB500951D75 /* String + Ext.swift */; };
		94D411B22B9C900300951D75 /* Localizable.xcstrings in Resources */ = {isa = PBXBuildFile; fileRef = 94D411B12B9C900300951D75 /* Localizable.xcstrings */; };
		94D411B52B9C95A300951D75 /* TextProcessingCategoryView.swift in Sources */ = {isa = PBXBuildFile; fileRef = 94D411B42B9C95A300951D75 /* TextProcessingCategoryView.swift */; };
		94D411B82B9C995B00951D75 /* TextProcessingCategory.swift in Sources */ = {isa = PBXBuildFile; fileRef = 94D411B72B9C995B00951D75 /* TextProcessingCategory.swift */; };
		94D411BB2B9CCA3400951D75 /* PushDownButtonStyle.swift in Sources */ = {isa = PBXBuildFile; fileRef = 94D411BA2B9CCA3400951D75 /* PushDownButtonStyle.swift */; };
		94D55C742BD3E97900B75516 /* WordsCountView.swift in Sources */ = {isa = PBXBuildFile; fileRef = 94D55C732BD3E97900B75516 /* WordsCountView.swift */; };
		94E82D032BE25A9C00E70A80 /* vocab.txt in Resources */ = {isa = PBXBuildFile; fileRef = 94E82D022BE25A9C00E70A80 /* vocab.txt */; };
/* End PBXBuildFile section */

/* Begin PBXFileReference section */
		9412A73B2C0C724D00CD3F3B /* ChatMessage.swift */ = {isa = PBXFileReference; lastKnownFileType = sourcecode.swift; path = ChatMessage.swift; sourceTree = "<group>"; };
		9412A73D2C0C740200CD3F3B /* BERTSQUADFP16.mlmodel */ = {isa = PBXFileReference; lastKnownFileType = file.mlmodel; path = BERTSQUADFP16.mlmodel; sourceTree = "<group>"; };
		9412A7472C0C77CC00CD3F3B /* TextSpeechProcessingView.swift */ = {isa = PBXFileReference; lastKnownFileType = sourcecode.swift; path = TextSpeechProcessingView.swift; sourceTree = "<group>"; };
		9412A74F2C0C797600CD3F3B /* SpeechRecognizer.swift */ = {isa = PBXFileReference; lastKnownFileType = sourcecode.swift; path = SpeechRecognizer.swift; sourceTree = "<group>"; };
		9412A7552C0C918800CD3F3B /* SpeechProcessingView.swift */ = {isa = PBXFileReference; lastKnownFileType = sourcecode.swift; path = SpeechProcessingView.swift; sourceTree = "<group>"; };
		9412A7572C0CCC3800CD3F3B /* NLLanguage + Ext.swift */ = {isa = PBXFileReference; lastKnownFileType = sourcecode.swift; path = "NLLanguage + Ext.swift"; sourceTree = "<group>"; };
		94AD429A2BAF1AC0008F2126 /* SummarizedTextView.swift */ = {isa = PBXFileReference; lastKnownFileType = sourcecode.swift; path = SummarizedTextView.swift; sourceTree = "<group>"; };
		94C43AC62BAE0A3A00E23260 /* NLTextProcessing */ = {isa = PBXFileReference; lastKnownFileType = wrapper; path = NLTextProcessing; sourceTree = "<group>"; };
		94C43ACB2BAE144F00E23260 /* TextSummaryView.swift */ = {isa = PBXFileReference; lastKnownFileType = sourcecode.swift; path = TextSummaryView.swift; sourceTree = "<group>"; };
		94C43ACE2BAE147C00E23260 /* TextInputView.swift */ = {isa = PBXFileReference; lastKnownFileType = sourcecode.swift; path = TextInputView.swift; sourceTree = "<group>"; };
		94C43AD02BAE14AC00E23260 /* TextInputViewModel.swift */ = {isa = PBXFileReference; fileEncoding = 4; lastKnownFileType = sourcecode.swift; path = TextInputViewModel.swift; sourceTree = "<group>"; };
		94C43AD42BAE17AE00E23260 /* TextSummaryViewModel.swift */ = {isa = PBXFileReference; lastKnownFileType = sourcecode.swift; path = TextSummaryViewModel.swift; sourceTree = "<group>"; };
		94CE0E752BE25BE7006137C7 /* AskQuestionsView.swift */ = {isa = PBXFileReference; lastKnownFileType = sourcecode.swift; path = AskQuestionsView.swift; sourceTree = "<group>"; };
		94CE0E792BE25C2B006137C7 /* AskQuestionsViewModel.swift */ = {isa = PBXFileReference; lastKnownFileType = sourcecode.swift; path = AskQuestionsViewModel.swift; sourceTree = "<group>"; };
		94CE0E932BE293FB006137C7 /* BERT.swift */ = {isa = PBXFileReference; lastKnownFileType = sourcecode.swift; path = BERT.swift; sourceTree = "<group>"; };
		94CE0E952BE29534006137C7 /* MLMultiArray + Ext.swift */ = {isa = PBXFileReference; lastKnownFileType = sourcecode.swift; path = "MLMultiArray + Ext.swift"; sourceTree = "<group>"; };
		94CE0E972BE29594006137C7 /* Math.swift */ = {isa = PBXFileReference; lastKnownFileType = sourcecode.swift; path = Math.swift; sourceTree = "<group>"; };
		94CE0E992BE297F1006137C7 /* BERTTokenizer.swift */ = {isa = PBXFileReference; lastKnownFileType = sourcecode.swift; path = BERTTokenizer.swift; sourceTree = "<group>"; };
		94CE0E9C2BE29C8F006137C7 /* ActionButtonStyle.swift */ = {isa = PBXFileReference; lastKnownFileType = sourcecode.swift; path = ActionButtonStyle.swift; sourceTree = "<group>"; };
		94CE0E9E2BE2A4C7006137C7 /* AskQuestionsChat.swift */ = {isa = PBXFileReference; lastKnownFileType = sourcecode.swift; path = AskQuestionsChat.swift; sourceTree = "<group>"; };
		94D411902B9C8D2D00951D75 /* Text-Processing.app */ = {isa = PBXFileReference; explicitFileType = wrapper.application; includeInIndex = 0; path = "Text-Processing.app"; sourceTree = BUILT_PRODUCTS_DIR; };
		94D411932B9C8D2D00951D75 /* Text_ProcessingApp.swift */ = {isa = PBXFileReference; lastKnownFileType = sourcecode.swift; path = Text_ProcessingApp.swift; sourceTree = "<group>"; };
		94D411952B9C8D2D00951D75 /* ProcessingCategoriesView.swift */ = {isa = PBXFileReference; lastKnownFileType = sourcecode.swift; path = ProcessingCategoriesView.swift; sourceTree = "<group>"; };
		94D411972B9C8D2E00951D75 /* Assets.xcassets */ = {isa = PBXFileReference; lastKnownFileType = folder.assetcatalog; path = Assets.xcassets; sourceTree = "<group>"; };
		94D4119A2B9C8D2E00951D75 /* Preview Assets.xcassets */ = {isa = PBXFileReference; lastKnownFileType = folder.assetcatalog; path = "Preview Assets.xcassets"; sourceTree = "<group>"; };
		94D411A72B9C8DE900951D75 /* MainViewModel.swift */ = {isa = PBXFileReference; lastKnownFileType = sourcecode.swift; path = MainViewModel.swift; sourceTree = "<group>"; };
		94D411AB2B9C8F4F00951D75 /* LocalizableStrings.swift */ = {isa = PBXFileReference; lastKnownFileType = sourcecode.swift; path = LocalizableStrings.swift; sourceTree = "<group>"; };
		94D411AF2B9C8FB500951D75 /* String + Ext.swift */ = {isa = PBXFileReference; lastKnownFileType = sourcecode.swift; path = "String + Ext.swift"; sourceTree = "<group>"; };
		94D411B12B9C900300951D75 /* Localizable.xcstrings */ = {isa = PBXFileReference; lastKnownFileType = text.json.xcstrings; path = Localizable.xcstrings; sourceTree = "<group>"; };
		94D411B42B9C95A300951D75 /* TextProcessingCategoryView.swift */ = {isa = PBXFileReference; lastKnownFileType = sourcecode.swift; path = TextProcessingCategoryView.swift; sourceTree = "<group>"; };
		94D411B72B9C995B00951D75 /* TextProcessingCategory.swift */ = {isa = PBXFileReference; lastKnownFileType = sourcecode.swift; path = TextProcessingCategory.swift; sourceTree = "<group>"; };
		94D411BA2B9CCA3400951D75 /* PushDownButtonStyle.swift */ = {isa = PBXFileReference; lastKnownFileType = sourcecode.swift; path = PushDownButtonStyle.swift; sourceTree = "<group>"; };
		94D55C732BD3E97900B75516 /* WordsCountView.swift */ = {isa = PBXFileReference; lastKnownFileType = sourcecode.swift; path = WordsCountView.swift; sourceTree = "<group>"; };
		94E82D022BE25A9C00E70A80 /* vocab.txt */ = {isa = PBXFileReference; fileEncoding = 4; lastKnownFileType = text; path = vocab.txt; sourceTree = "<group>"; };
/* End PBXFileReference section */

/* Begin PBXFrameworksBuildPhase section */
		94D4118D2B9C8D2D00951D75 /* Frameworks */ = {
			isa = PBXFrameworksBuildPhase;
			buildActionMask = 2147483647;
			files = (
				94C43AC92BAE0A8800E23260 /* NLTextProcessing in Frameworks */,
			);
			runOnlyForDeploymentPostprocessing = 0;
		};
/* End PBXFrameworksBuildPhase section */

/* Begin PBXGroup section */
		9412A73A2C0C723E00CD3F3B /* Model */ = {
			isa = PBXGroup;
			children = (
				9412A73B2C0C724D00CD3F3B /* ChatMessage.swift */,
			);
			path = Model;
			sourceTree = "<group>";
		};
		9412A7432C0C779A00CD3F3B /* TextSpeechProcessing */ = {
			isa = PBXGroup;
			children = (
				9412A7442C0C77AD00CD3F3B /* View */,
			);
			path = TextSpeechProcessing;
			sourceTree = "<group>";
		};
		9412A7442C0C77AD00CD3F3B /* View */ = {
			isa = PBXGroup;
			children = (
				9412A7542C0C917600CD3F3B /* SpeechProcessingView */,
				9412A7472C0C77CC00CD3F3B /* TextSpeechProcessingView.swift */,
			);
			path = View;
			sourceTree = "<group>";
		};
		9412A74D2C0C796100CD3F3B /* Library */ = {
			isa = PBXGroup;
			children = (
				9412A74E2C0C796B00CD3F3B /* Services */,
			);
			path = Library;
			sourceTree = "<group>";
		};
		9412A74E2C0C796B00CD3F3B /* Services */ = {
			isa = PBXGroup;
			children = (
				9412A74F2C0C797600CD3F3B /* SpeechRecognizer.swift */,
			);
			path = Services;
			sourceTree = "<group>";
		};
		9412A7542C0C917600CD3F3B /* SpeechProcessingView */ = {
			isa = PBXGroup;
			children = (
				9412A7552C0C918800CD3F3B /* SpeechProcessingView.swift */,
			);
			path = SpeechProcessingView;
			sourceTree = "<group>";
		};
		9425A2FF2BD583AF00BCF81B /* CoreML */ = {
			isa = PBXGroup;
			children = (
				94E82CE12BE2468400E70A80 /* BERT */,
			);
			path = CoreML;
			sourceTree = "<group>";
		};
		947AFA832BB093D7005D0152 /* View */ = {
			isa = PBXGroup;
			children = (
				94C43ACE2BAE147C00E23260 /* TextInputView.swift */,
			);
			path = View;
			sourceTree = "<group>";
		};
		947AFA842BB093DC005D0152 /* ViewModel */ = {
			isa = PBXGroup;
			children = (
				94C43AD02BAE14AC00E23260 /* TextInputViewModel.swift */,
			);
			path = ViewModel;
			sourceTree = "<group>";
		};
		94AD42972BAF1A9A008F2126 /* Subview */ = {
			isa = PBXGroup;
			children = (
				94AD429A2BAF1AC0008F2126 /* SummarizedTextView.swift */,
			);
			path = Subview;
			sourceTree = "<group>";
		};
		94C43AC72BAE0A8800E23260 /* Frameworks */ = {
			isa = PBXGroup;
			children = (
			);
			name = Frameworks;
			sourceTree = "<group>";
		};
		94C43ACA2BAE143B00E23260 /* TextSummary */ = {
			isa = PBXGroup;
			children = (
				94C43AD22BAE177600E23260 /* View */,
				94C43AD32BAE177D00E23260 /* ViewModel */,
			);
			path = TextSummary;
			sourceTree = "<group>";
		};
		94C43ACD2BAE146F00E23260 /* TextInputView */ = {
			isa = PBXGroup;
			children = (
				947AFA832BB093D7005D0152 /* View */,
				947AFA842BB093DC005D0152 /* ViewModel */,
			);
			path = TextInputView;
			sourceTree = "<group>";
		};
		94C43AD22BAE177600E23260 /* View */ = {
			isa = PBXGroup;
			children = (
				94AD42972BAF1A9A008F2126 /* Subview */,
				94C43ACB2BAE144F00E23260 /* TextSummaryView.swift */,
			);
			path = View;
			sourceTree = "<group>";
		};
		94C43AD32BAE177D00E23260 /* ViewModel */ = {
			isa = PBXGroup;
			children = (
				94C43AD42BAE17AE00E23260 /* TextSummaryViewModel.swift */,
			);
			path = ViewModel;
			sourceTree = "<group>";
		};
		94CE0E772BE25C16006137C7 /* View */ = {
			isa = PBXGroup;
			children = (
				94CE0E752BE25BE7006137C7 /* AskQuestionsView.swift */,
				94CE0E9E2BE2A4C7006137C7 /* AskQuestionsChat.swift */,
			);
			path = View;
			sourceTree = "<group>";
		};
		94CE0E782BE25C1C006137C7 /* ViewModel */ = {
			isa = PBXGroup;
			children = (
				94CE0E792BE25C2B006137C7 /* AskQuestionsViewModel.swift */,
			);
			path = ViewModel;
			sourceTree = "<group>";
		};
		94CE0E9B2BE29C77006137C7 /* ButtonStyle */ = {
			isa = PBXGroup;
			children = (
				94D411BA2B9CCA3400951D75 /* PushDownButtonStyle.swift */,
				94CE0E9C2BE29C8F006137C7 /* ActionButtonStyle.swift */,
			);
			path = ButtonStyle;
			sourceTree = "<group>";
		};
		94D411872B9C8D2D00951D75 = {
			isa = PBXGroup;
			children = (
				94C43AC62BAE0A3A00E23260 /* NLTextProcessing */,
				94D411922B9C8D2D00951D75 /* Text-Processing */,
				94D411912B9C8D2D00951D75 /* Products */,
				94C43AC72BAE0A8800E23260 /* Frameworks */,
			);
			sourceTree = "<group>";
		};
		94D411912B9C8D2D00951D75 /* Products */ = {
			isa = PBXGroup;
			children = (
				94D411902B9C8D2D00951D75 /* Text-Processing.app */,
			);
			name = Products;
			sourceTree = "<group>";
		};
		94D411922B9C8D2D00951D75 /* Text-Processing */ = {
			isa = PBXGroup;
			children = (
				94D411AD2B9C8FA500951D75 /* Common */,
				94D411992B9C8D2E00951D75 /* Preview Content */,
				94D411A92B9C8F1F00951D75 /* Resources */,
				94D411A12B9C8D6100951D75 /* Source */,
				9412A74D2C0C796100CD3F3B /* Library */,
			);
			path = "Text-Processing";
			sourceTree = "<group>";
		};
		94D411992B9C8D2E00951D75 /* Preview Content */ = {
			isa = PBXGroup;
			children = (
				94D4119A2B9C8D2E00951D75 /* Preview Assets.xcassets */,
			);
			path = "Preview Content";
			sourceTree = "<group>";
		};
		94D411A12B9C8D6100951D75 /* Source */ = {
			isa = PBXGroup;
			children = (
				94D411B62B9C994E00951D75 /* Model */,
				94D411A42B9C8DB100951D75 /* App */,
				94D411A22B9C8D6800951D75 /* Module */,
			);
			path = Source;
			sourceTree = "<group>";
		};
		94D411A22B9C8D6800951D75 /* Module */ = {
			isa = PBXGroup;
			children = (
				94D411A32B9C8D8F00951D75 /* Main */,
				94C43ACA2BAE143B00E23260 /* TextSummary */,
				94E82D042BE25B8B00E70A80 /* AskQuestions */,
				9412A7432C0C779A00CD3F3B /* TextSpeechProcessing */,
			);
			path = Module;
			sourceTree = "<group>";
		};
		94D411A32B9C8D8F00951D75 /* Main */ = {
			isa = PBXGroup;
			children = (
				94D411A52B9C8DD800951D75 /* View */,
				94D411A62B9C8DDD00951D75 /* ViewModel */,
			);
			path = Main;
			sourceTree = "<group>";
		};
		94D411A42B9C8DB100951D75 /* App */ = {
			isa = PBXGroup;
			children = (
				94D411932B9C8D2D00951D75 /* Text_ProcessingApp.swift */,
			);
			path = App;
			sourceTree = "<group>";
		};
		94D411A52B9C8DD800951D75 /* View */ = {
			isa = PBXGroup;
			children = (
				94D411B32B9C958900951D75 /* Subview */,
				94D411952B9C8D2D00951D75 /* ProcessingCategoriesView.swift */,
			);
			path = View;
			sourceTree = "<group>";
		};
		94D411A62B9C8DDD00951D75 /* ViewModel */ = {
			isa = PBXGroup;
			children = (
				94D411A72B9C8DE900951D75 /* MainViewModel.swift */,
			);
			path = ViewModel;
			sourceTree = "<group>";
		};
		94D411A92B9C8F1F00951D75 /* Resources */ = {
			isa = PBXGroup;
			children = (
				94D411972B9C8D2E00951D75 /* Assets.xcassets */,
				94D411AB2B9C8F4F00951D75 /* LocalizableStrings.swift */,
				94D411B12B9C900300951D75 /* Localizable.xcstrings */,
				94E82D022BE25A9C00E70A80 /* vocab.txt */,
			);
			path = Resources;
			sourceTree = "<group>";
		};
		94D411AD2B9C8FA500951D75 /* Common */ = {
			isa = PBXGroup;
			children = (
				94D411B92B9CC9DE00951D75 /* UI */,
				94D411AE2B9C8FAD00951D75 /* Extensions */,
			);
			path = Common;
			sourceTree = "<group>";
		};
		94D411AE2B9C8FAD00951D75 /* Extensions */ = {
			isa = PBXGroup;
			children = (
				94D411AF2B9C8FB500951D75 /* String + Ext.swift */,
				94CE0E952BE29534006137C7 /* MLMultiArray + Ext.swift */,
				9412A7572C0CCC3800CD3F3B /* NLLanguage + Ext.swift */,
			);
			path = Extensions;
			sourceTree = "<group>";
		};
		94D411B32B9C958900951D75 /* Subview */ = {
			isa = PBXGroup;
			children = (
				94D411B42B9C95A300951D75 /* TextProcessingCategoryView.swift */,
			);
			path = Subview;
			sourceTree = "<group>";
		};
		94D411B62B9C994E00951D75 /* Model */ = {
			isa = PBXGroup;
			children = (
				9425A2FF2BD583AF00BCF81B /* CoreML */,
				94D411B72B9C995B00951D75 /* TextProcessingCategory.swift */,
				94CE0E972BE29594006137C7 /* Math.swift */,
			);
			path = Model;
			sourceTree = "<group>";
		};
		94D411B92B9CC9DE00951D75 /* UI */ = {
			isa = PBXGroup;
			children = (
				94C43ACD2BAE146F00E23260 /* TextInputView */,
				94CE0E9B2BE29C77006137C7 /* ButtonStyle */,
				94D55C732BD3E97900B75516 /* WordsCountView.swift */,
			);
			path = UI;
			sourceTree = "<group>";
		};
		94E82CE12BE2468400E70A80 /* BERT */ = {
			isa = PBXGroup;
			children = (
				9412A73D2C0C740200CD3F3B /* BERTSQUADFP16.mlmodel */,
				94CE0E932BE293FB006137C7 /* BERT.swift */,
				94CE0E992BE297F1006137C7 /* BERTTokenizer.swift */,
			);
			path = BERT;
			sourceTree = "<group>";
		};
		94E82D042BE25B8B00E70A80 /* AskQuestions */ = {
			isa = PBXGroup;
			children = (
				9412A73A2C0C723E00CD3F3B /* Model */,
				94CE0E772BE25C16006137C7 /* View */,
				94CE0E782BE25C1C006137C7 /* ViewModel */,
			);
			path = AskQuestions;
			sourceTree = "<group>";
		};
/* End PBXGroup section */

/* Begin PBXNativeTarget section */
		94D4118F2B9C8D2D00951D75 /* Text-Processing */ = {
			isa = PBXNativeTarget;
			buildConfigurationList = 94D4119E2B9C8D2E00951D75 /* Build configuration list for PBXNativeTarget "Text-Processing" */;
			buildPhases = (
				94D4118C2B9C8D2D00951D75 /* Sources */,
				94D4118D2B9C8D2D00951D75 /* Frameworks */,
				94D4118E2B9C8D2D00951D75 /* Resources */,
			);
			buildRules = (
			);
			dependencies = (
			);
			name = "Text-Processing";
			packageProductDependencies = (
				94C43AC82BAE0A8800E23260 /* NLTextProcessing */,
			);
			productName = "Text-Processing";
			productReference = 94D411902B9C8D2D00951D75 /* Text-Processing.app */;
			productType = "com.apple.product-type.application";
		};
/* End PBXNativeTarget section */

/* Begin PBXProject section */
		94D411882B9C8D2D00951D75 /* Project object */ = {
			isa = PBXProject;
			attributes = {
				BuildIndependentTargetsInParallel = 1;
				LastSwiftUpdateCheck = 1520;
				LastUpgradeCheck = 1520;
				TargetAttributes = {
					94D4118F2B9C8D2D00951D75 = {
						CreatedOnToolsVersion = 15.2;
					};
				};
			};
			buildConfigurationList = 94D4118B2B9C8D2D00951D75 /* Build configuration list for PBXProject "Text-Processing" */;
			compatibilityVersion = "Xcode 14.0";
			developmentRegion = ru;
			hasScannedForEncodings = 0;
			knownRegions = (
				en,
				Base,
				ru,
			);
			mainGroup = 94D411872B9C8D2D00951D75;
			productRefGroup = 94D411912B9C8D2D00951D75 /* Products */;
			projectDirPath = "";
			projectRoot = "";
			targets = (
				94D4118F2B9C8D2D00951D75 /* Text-Processing */,
			);
		};
/* End PBXProject section */

/* Begin PBXResourcesBuildPhase section */
		94D4118E2B9C8D2D00951D75 /* Resources */ = {
			isa = PBXResourcesBuildPhase;
			buildActionMask = 2147483647;
			files = (
				94D4119B2B9C8D2E00951D75 /* Preview Assets.xcassets in Resources */,
				94D411982B9C8D2E00951D75 /* Assets.xcassets in Resources */,
				94E82D032BE25A9C00E70A80 /* vocab.txt in Resources */,
				94D411B22B9C900300951D75 /* Localizable.xcstrings in Resources */,
			);
			runOnlyForDeploymentPostprocessing = 0;
		};
/* End PBXResourcesBuildPhase section */

/* Begin PBXSourcesBuildPhase section */
		94D4118C2B9C8D2D00951D75 /* Sources */ = {
			isa = PBXSourcesBuildPhase;
			buildActionMask = 2147483647;
			files = (
				94CE0E9A2BE297F1006137C7 /* BERTTokenizer.swift in Sources */,
				94AD429B2BAF1AC0008F2126 /* SummarizedTextView.swift in Sources */,
				94C43AD52BAE17AE00E23260 /* TextSummaryViewModel.swift in Sources */,
				94C43AD12BAE14AC00E23260 /* TextInputViewModel.swift in Sources */,
				9412A7502C0C797600CD3F3B /* SpeechRecognizer.swift in Sources */,
				94CE0E942BE293FB006137C7 /* BERT.swift in Sources */,
				9412A73E2C0C740200CD3F3B /* BERTSQUADFP16.mlmodel in Sources */,
				9412A7582C0CCC3800CD3F3B /* NLLanguage + Ext.swift in Sources */,
				94C43ACF2BAE147C00E23260 /* TextInputView.swift in Sources */,
				94D411962B9C8D2D00951D75 /* ProcessingCategoriesView.swift in Sources */,
				94CE0E9F2BE2A4C7006137C7 /* AskQuestionsChat.swift in Sources */,
				9412A73C2C0C724D00CD3F3B /* ChatMessage.swift in Sources */,
				94CE0E9D2BE29C8F006137C7 /* ActionButtonStyle.swift in Sources */,
				9412A7482C0C77CC00CD3F3B /* TextSpeechProcessingView.swift in Sources */,
				94D411BB2B9CCA3400951D75 /* PushDownButtonStyle.swift in Sources */,
				94D411942B9C8D2D00951D75 /* Text_ProcessingApp.swift in Sources */,
				94CE0E762BE25BE7006137C7 /* AskQuestionsView.swift in Sources */,
				94C43ACC2BAE144F00E23260 /* TextSummaryView.swift in Sources */,
				94CE0E7A2BE25C2B006137C7 /* AskQuestionsViewModel.swift in Sources */,
				94D411B52B9C95A300951D75 /* TextProcessingCategoryView.swift in Sources */,
				94D411B02B9C8FB500951D75 /* String + Ext.swift in Sources */,
				94CE0E962BE29534006137C7 /* MLMultiArray + Ext.swift in Sources */,
				94D55C742BD3E97900B75516 /* WordsCountView.swift in Sources */,
				94D411A82B9C8DE900951D75 /* MainViewModel.swift in Sources */,
				94D411B82B9C995B00951D75 /* TextProcessingCategory.swift in Sources */,
				9412A7562C0C918800CD3F3B /* SpeechProcessingView.swift in Sources */,
				94D411AC2B9C8F4F00951D75 /* LocalizableStrings.swift in Sources */,
				94CE0E982BE29594006137C7 /* Math.swift in Sources */,
			);
			runOnlyForDeploymentPostprocessing = 0;
		};
/* End PBXSourcesBuildPhase section */

/* Begin XCBuildConfiguration section */
		94D4119C2B9C8D2E00951D75 /* Debug */ = {
			isa = XCBuildConfiguration;
			buildSettings = {
				ALWAYS_SEARCH_USER_PATHS = NO;
				ASSETCATALOG_COMPILER_GENERATE_SWIFT_ASSET_SYMBOL_EXTENSIONS = YES;
				CLANG_ANALYZER_NONNULL = YES;
				CLANG_ANALYZER_NUMBER_OBJECT_CONVERSION = YES_AGGRESSIVE;
				CLANG_CXX_LANGUAGE_STANDARD = "gnu++20";
				CLANG_ENABLE_MODULES = YES;
				CLANG_ENABLE_OBJC_ARC = YES;
				CLANG_ENABLE_OBJC_WEAK = YES;
				CLANG_WARN_BLOCK_CAPTURE_AUTORELEASING = YES;
				CLANG_WARN_BOOL_CONVERSION = YES;
				CLANG_WARN_COMMA = YES;
				CLANG_WARN_CONSTANT_CONVERSION = YES;
				CLANG_WARN_DEPRECATED_OBJC_IMPLEMENTATIONS = YES;
				CLANG_WARN_DIRECT_OBJC_ISA_USAGE = YES_ERROR;
				CLANG_WARN_DOCUMENTATION_COMMENTS = YES;
				CLANG_WARN_EMPTY_BODY = YES;
				CLANG_WARN_ENUM_CONVERSION = YES;
				CLANG_WARN_INFINITE_RECURSION = YES;
				CLANG_WARN_INT_CONVERSION = YES;
				CLANG_WARN_NON_LITERAL_NULL_CONVERSION = YES;
				CLANG_WARN_OBJC_IMPLICIT_RETAIN_SELF = YES;
				CLANG_WARN_OBJC_LITERAL_CONVERSION = YES;
				CLANG_WARN_OBJC_ROOT_CLASS = YES_ERROR;
				CLANG_WARN_QUOTED_INCLUDE_IN_FRAMEWORK_HEADER = YES;
				CLANG_WARN_RANGE_LOOP_ANALYSIS = YES;
				CLANG_WARN_STRICT_PROTOTYPES = YES;
				CLANG_WARN_SUSPICIOUS_MOVE = YES;
				CLANG_WARN_UNGUARDED_AVAILABILITY = YES_AGGRESSIVE;
				CLANG_WARN_UNREACHABLE_CODE = YES;
				CLANG_WARN__DUPLICATE_METHOD_MATCH = YES;
				COPY_PHASE_STRIP = NO;
				DEBUG_INFORMATION_FORMAT = dwarf;
				ENABLE_STRICT_OBJC_MSGSEND = YES;
				ENABLE_TESTABILITY = YES;
				ENABLE_USER_SCRIPT_SANDBOXING = YES;
				GCC_C_LANGUAGE_STANDARD = gnu17;
				GCC_DYNAMIC_NO_PIC = NO;
				GCC_NO_COMMON_BLOCKS = YES;
				GCC_OPTIMIZATION_LEVEL = 0;
				GCC_PREPROCESSOR_DEFINITIONS = (
					"DEBUG=1",
					"$(inherited)",
				);
				GCC_WARN_64_TO_32_BIT_CONVERSION = YES;
				GCC_WARN_ABOUT_RETURN_TYPE = YES_ERROR;
				GCC_WARN_UNDECLARED_SELECTOR = YES;
				GCC_WARN_UNINITIALIZED_AUTOS = YES_AGGRESSIVE;
				GCC_WARN_UNUSED_FUNCTION = YES;
				GCC_WARN_UNUSED_VARIABLE = YES;
				IPHONEOS_DEPLOYMENT_TARGET = 17.0;
				LOCALIZATION_PREFERS_STRING_CATALOGS = YES;
				MTL_ENABLE_DEBUG_INFO = INCLUDE_SOURCE;
				MTL_FAST_MATH = YES;
				ONLY_ACTIVE_ARCH = YES;
				SDKROOT = iphoneos;
				SWIFT_ACTIVE_COMPILATION_CONDITIONS = "DEBUG $(inherited)";
				SWIFT_OPTIMIZATION_LEVEL = "-Onone";
			};
			name = Debug;
		};
		94D4119D2B9C8D2E00951D75 /* Release */ = {
			isa = XCBuildConfiguration;
			buildSettings = {
				ALWAYS_SEARCH_USER_PATHS = NO;
				ASSETCATALOG_COMPILER_GENERATE_SWIFT_ASSET_SYMBOL_EXTENSIONS = YES;
				CLANG_ANALYZER_NONNULL = YES;
				CLANG_ANALYZER_NUMBER_OBJECT_CONVERSION = YES_AGGRESSIVE;
				CLANG_CXX_LANGUAGE_STANDARD = "gnu++20";
				CLANG_ENABLE_MODULES = YES;
				CLANG_ENABLE_OBJC_ARC = YES;
				CLANG_ENABLE_OBJC_WEAK = YES;
				CLANG_WARN_BLOCK_CAPTURE_AUTORELEASING = YES;
				CLANG_WARN_BOOL_CONVERSION = YES;
				CLANG_WARN_COMMA = YES;
				CLANG_WARN_CONSTANT_CONVERSION = YES;
				CLANG_WARN_DEPRECATED_OBJC_IMPLEMENTATIONS = YES;
				CLANG_WARN_DIRECT_OBJC_ISA_USAGE = YES_ERROR;
				CLANG_WARN_DOCUMENTATION_COMMENTS = YES;
				CLANG_WARN_EMPTY_BODY = YES;
				CLANG_WARN_ENUM_CONVERSION = YES;
				CLANG_WARN_INFINITE_RECURSION = YES;
				CLANG_WARN_INT_CONVERSION = YES;
				CLANG_WARN_NON_LITERAL_NULL_CONVERSION = YES;
				CLANG_WARN_OBJC_IMPLICIT_RETAIN_SELF = YES;
				CLANG_WARN_OBJC_LITERAL_CONVERSION = YES;
				CLANG_WARN_OBJC_ROOT_CLASS = YES_ERROR;
				CLANG_WARN_QUOTED_INCLUDE_IN_FRAMEWORK_HEADER = YES;
				CLANG_WARN_RANGE_LOOP_ANALYSIS = YES;
				CLANG_WARN_STRICT_PROTOTYPES = YES;
				CLANG_WARN_SUSPICIOUS_MOVE = YES;
				CLANG_WARN_UNGUARDED_AVAILABILITY = YES_AGGRESSIVE;
				CLANG_WARN_UNREACHABLE_CODE = YES;
				CLANG_WARN__DUPLICATE_METHOD_MATCH = YES;
				COPY_PHASE_STRIP = NO;
				DEBUG_INFORMATION_FORMAT = "dwarf-with-dsym";
				ENABLE_NS_ASSERTIONS = NO;
				ENABLE_STRICT_OBJC_MSGSEND = YES;
				ENABLE_USER_SCRIPT_SANDBOXING = YES;
				GCC_C_LANGUAGE_STANDARD = gnu17;
				GCC_NO_COMMON_BLOCKS = YES;
				GCC_WARN_64_TO_32_BIT_CONVERSION = YES;
				GCC_WARN_ABOUT_RETURN_TYPE = YES_ERROR;
				GCC_WARN_UNDECLARED_SELECTOR = YES;
				GCC_WARN_UNINITIALIZED_AUTOS = YES_AGGRESSIVE;
				GCC_WARN_UNUSED_FUNCTION = YES;
				GCC_WARN_UNUSED_VARIABLE = YES;
				IPHONEOS_DEPLOYMENT_TARGET = 17.0;
				LOCALIZATION_PREFERS_STRING_CATALOGS = YES;
				MTL_ENABLE_DEBUG_INFO = NO;
				MTL_FAST_MATH = YES;
				SDKROOT = iphoneos;
				SWIFT_COMPILATION_MODE = wholemodule;
				VALIDATE_PRODUCT = YES;
			};
			name = Release;
		};
		94D4119F2B9C8D2E00951D75 /* Debug */ = {
			isa = XCBuildConfiguration;
			buildSettings = {
				ASSETCATALOG_COMPILER_APPICON_NAME = AppIcon;
				ASSETCATALOG_COMPILER_GLOBAL_ACCENT_COLOR_NAME = AccentColor;
				CODE_SIGN_STYLE = Automatic;
				CURRENT_PROJECT_VERSION = 1;
				DEVELOPMENT_ASSET_PATHS = "\"Text-Processing/Preview Content\"";
				DEVELOPMENT_TEAM = XX34NBC2NS;
				ENABLE_PREVIEWS = YES;
				GENERATE_INFOPLIST_FILE = YES;
				INFOPLIST_FILE = "";
				INFOPLIST_KEY_NSDesktopFolderUsageDescription = "";
				INFOPLIST_KEY_NSDocumentsFolderUsageDescription = "";
				INFOPLIST_KEY_NSDownloadsFolderUsageDescription = "";
				INFOPLIST_KEY_NSMicrophoneUsageDescription = "";
				INFOPLIST_KEY_NSSpeechRecognitionUsageDescription = "";
				INFOPLIST_KEY_UIApplicationSceneManifest_Generation = YES;
				INFOPLIST_KEY_UIApplicationSupportsIndirectInputEvents = YES;
				INFOPLIST_KEY_UILaunchScreen_Generation = YES;
				INFOPLIST_KEY_UISupportedInterfaceOrientations = UIInterfaceOrientationPortrait;
				LD_RUNPATH_SEARCH_PATHS = (
					"$(inherited)",
					"@executable_path/Frameworks",
				);
				MARKETING_VERSION = 1.0;
				PRODUCT_BUNDLE_IDENTIFIER = "com.malil.dugulubgov.Text-Processing";
				PRODUCT_NAME = "$(TARGET_NAME)";
				SUPPORTED_PLATFORMS = "iphoneos iphonesimulator";
				SUPPORTS_MACCATALYST = NO;
				SUPPORTS_MAC_DESIGNED_FOR_IPHONE_IPAD = NO;
				SUPPORTS_XR_DESIGNED_FOR_IPHONE_IPAD = NO;
				SWIFT_EMIT_LOC_STRINGS = YES;
				SWIFT_VERSION = 5.0;
				TARGETED_DEVICE_FAMILY = 1;
			};
			name = Debug;
		};
		94D411A02B9C8D2E00951D75 /* Release */ = {
			isa = XCBuildConfiguration;
			buildSettings = {
				ASSETCATALOG_COMPILER_APPICON_NAME = AppIcon;
				ASSETCATALOG_COMPILER_GLOBAL_ACCENT_COLOR_NAME = AccentColor;
				CODE_SIGN_STYLE = Automatic;
				CURRENT_PROJECT_VERSION = 1;
				DEVELOPMENT_ASSET_PATHS = "\"Text-Processing/Preview Content\"";
				DEVELOPMENT_TEAM = XX34NBC2NS;
				ENABLE_PREVIEWS = YES;
				GENERATE_INFOPLIST_FILE = YES;
				INFOPLIST_FILE = "";
				INFOPLIST_KEY_NSDesktopFolderUsageDescription = "";
				INFOPLIST_KEY_NSDocumentsFolderUsageDescription = "";
				INFOPLIST_KEY_NSDownloadsFolderUsageDescription = "";
				INFOPLIST_KEY_NSMicrophoneUsageDescription = "";
				INFOPLIST_KEY_NSSpeechRecognitionUsageDescription = "";
				INFOPLIST_KEY_UIApplicationSceneManifest_Generation = YES;
				INFOPLIST_KEY_UIApplicationSupportsIndirectInputEvents = YES;
				INFOPLIST_KEY_UILaunchScreen_Generation = YES;
				INFOPLIST_KEY_UISupportedInterfaceOrientations = UIInterfaceOrientationPortrait;
				LD_RUNPATH_SEARCH_PATHS = (
					"$(inherited)",
					"@executable_path/Frameworks",
				);
				MARKETING_VERSION = 1.0;
				PRODUCT_BUNDLE_IDENTIFIER = "com.malil.dugulubgov.Text-Processing";
				PRODUCT_NAME = "$(TARGET_NAME)";
				SUPPORTED_PLATFORMS = "iphoneos iphonesimulator";
				SUPPORTS_MACCATALYST = NO;
				SUPPORTS_MAC_DESIGNED_FOR_IPHONE_IPAD = NO;
				SUPPORTS_XR_DESIGNED_FOR_IPHONE_IPAD = NO;
				SWIFT_EMIT_LOC_STRINGS = YES;
				SWIFT_VERSION = 5.0;
				TARGETED_DEVICE_FAMILY = 1;
			};
			name = Release;
		};
/* End XCBuildConfiguration section */

/* Begin XCConfigurationList section */
		94D4118B2B9C8D2D00951D75 /* Build configuration list for PBXProject "Text-Processing" */ = {
			isa = XCConfigurationList;
			buildConfigurations = (
				94D4119C2B9C8D2E00951D75 /* Debug */,
				94D4119D2B9C8D2E00951D75 /* Release */,
			);
			defaultConfigurationIsVisible = 0;
			defaultConfigurationName = Release;
		};
		94D4119E2B9C8D2E00951D75 /* Build configuration list for PBXNativeTarget "Text-Processing" */ = {
			isa = XCConfigurationList;
			buildConfigurations = (
				94D4119F2B9C8D2E00951D75 /* Debug */,
				94D411A02B9C8D2E00951D75 /* Release */,
			);
			defaultConfigurationIsVisible = 0;
			defaultConfigurationName = Release;
		};
/* End XCConfigurationList section */

/* Begin XCSwiftPackageProductDependency section */
		94C43AC82BAE0A8800E23260 /* NLTextProcessing */ = {
			isa = XCSwiftPackageProductDependency;
			productName = NLTextProcessing;
		};
/* End XCSwiftPackageProductDependency section */
	};
	rootObject = 94D411882B9C8D2D00951D75 /* Project object */;
}
