// !$*UTF8*$!
{
	archiveVersion = 1;
	classes = {
	};
	objectVersion = 56;
	objects = {

/* Begin PBXBuildFile section */
		94D411942B9C8D2D00951D75 /* Text_ProcessingApp.swift in Sources */ = {isa = PBXBuildFile; fileRef = 94D411932B9C8D2D00951D75 /* Text_ProcessingApp.swift */; };
		94D411962B9C8D2D00951D75 /* ProcessingCategoriesView.swift in Sources */ = {isa = PBXBuildFile; fileRef = 94D411952B9C8D2D00951D75 /* ProcessingCategoriesView.swift */; };
		94D411982B9C8D2E00951D75 /* Assets.xcassets in Resources */ = {isa = PBXBuildFile; fileRef = 94D411972B9C8D2E00951D75 /* Assets.xcassets */; };
		94D4119B2B9C8D2E00951D75 /* Preview Assets.xcassets in Resources */ = {isa = PBXBuildFile; fileRef = 94D4119A2B9C8D2E00951D75 /* Preview Assets.xcassets */; };
		94D411A82B9C8DE900951D75 /* MainViewModel.swift in Sources */ = {isa = PBXBuildFile; fileRef = 94D411A72B9C8DE900951D75 /* MainViewModel.swift */; };
		94D411AC2B9C8F4F00951D75 /* LocalizableStrings.swift in Sources */ = {isa = PBXBuildFile; fileRef = 94D411AB2B9C8F4F00951D75 /* LocalizableStrings.swift */; };
		94D411B02B9C8FB500951D75 /* String + Ext.swift in Sources */ = {isa = PBXBuildFile; fileRef = 94D411AF2B9C8FB500951D75 /* String + Ext.swift */; };
		94D411B22B9C900300951D75 /* Localizable.xcstrings in Resources */ = {isa = PBXBuildFile; fileRef = 94D411B12B9C900300951D75 /* Localizable.xcstrings */; };
		94D411B52B9C95A300951D75 /* TextProcessingCategoryView.swift in Sources */ = {isa = PBXBuildFile; fileRef = 94D411B42B9C95A300951D75 /* TextProcessingCategoryView.swift */; };
		94D411B82B9C995B00951D75 /* TextProcessingCategory.swift in Sources */ = {isa = PBXBuildFile; fileRef = 94D411B72B9C995B00951D75 /* TextProcessingCategory.swift */; };
		94D411BB2B9CCA3400951D75 /* PushDownButtonStyle.swift in Sources */ = {isa = PBXBuildFile; fileRef = 94D411BA2B9CCA3400951D75 /* PushDownButtonStyle.swift */; };
/* End PBXBuildFile section */

/* Begin PBXFileReference section */
		94D411902B9C8D2D00951D75 /* Text-Processing.app */ = {isa = PBXFileReference; explicitFileType = wrapper.application; includeInIndex = 0; path = "Text-Processing.app"; sourceTree = BUILT_PRODUCTS_DIR; };
		94D411932B9C8D2D00951D75 /* Text_ProcessingApp.swift */ = {isa = PBXFileReference; lastKnownFileType = sourcecode.swift; path = Text_ProcessingApp.swift; sourceTree = "<group>"; };
		94D411952B9C8D2D00951D75 /* ProcessingCategoriesView.swift */ = {isa = PBXFileReference; lastKnownFileType = sourcecode.swift; path = ProcessingCategoriesView.swift; sourceTree = "<group>"; };
		94D411972B9C8D2E00951D75 /* Assets.xcassets */ = {isa = PBXFileReference; lastKnownFileType = folder.assetcatalog; path = Assets.xcassets; sourceTree = "<group>"; };
		94D4119A2B9C8D2E00951D75 /* Preview Assets.xcassets */ = {isa = PBXFileReference; lastKnownFileType = folder.assetcatalog; path = "Preview Assets.xcassets"; sourceTree = "<group>"; };
		94D411A72B9C8DE900951D75 /* MainViewModel.swift */ = {isa = PBXFileReference; lastKnownFileType = sourcecode.swift; path = MainViewModel.swift; sourceTree = "<group>"; };
		94D411AB2B9C8F4F00951D75 /* LocalizableStrings.swift */ = {isa = PBXFileReference; lastKnownFileType = sourcecode.swift; path = LocalizableStrings.swift; sourceTree = "<group>"; };
		94D411AF2B9C8FB500951D75 /* String + Ext.swift */ = {isa = PBXFileReference; lastKnownFileType = sourcecode.swift; path = "String + Ext.swift"; sourceTree = "<group>"; };
		94D411B12B9C900300951D75 /* Localizable.xcstrings */ = {isa = PBXFileReference; lastKnownFileType = text.json.xcstrings; path = Localizable.xcstrings; sourceTree = "<group>"; };
		94D411B42B9C95A300951D75 /* TextProcessingCategoryView.swift */ = {isa = PBXFileReference; lastKnownFileType = sourcecode.swift; path = TextProcessingCategoryView.swift; sourceTree = "<group>"; };
		94D411B72B9C995B00951D75 /* TextProcessingCategory.swift */ = {isa = PBXFileReference; lastKnownFileType = sourcecode.swift; path = TextProcessingCategory.swift; sourceTree = "<group>"; };
		94D411BA2B9CCA3400951D75 /* PushDownButtonStyle.swift */ = {isa = PBXFileReference; lastKnownFileType = sourcecode.swift; path = PushDownButtonStyle.swift; sourceTree = "<group>"; };
/* End PBXFileReference section */

/* Begin PBXFrameworksBuildPhase section */
		94D4118D2B9C8D2D00951D75 /* Frameworks */ = {
			isa = PBXFrameworksBuildPhase;
			buildActionMask = 2147483647;
			files = (
			);
			runOnlyForDeploymentPostprocessing = 0;
		};
/* End PBXFrameworksBuildPhase section */

/* Begin PBXGroup section */
		94D411872B9C8D2D00951D75 = {
			isa = PBXGroup;
			children = (
				94D411922B9C8D2D00951D75 /* Text-Processing */,
				94D411912B9C8D2D00951D75 /* Products */,
			);
			sourceTree = "<group>";
		};
		94D411912B9C8D2D00951D75 /* Products */ = {
			isa = PBXGroup;
			children = (
				94D411902B9C8D2D00951D75 /* Text-Processing.app */,
			);
			name = Products;
			sourceTree = "<group>";
		};
		94D411922B9C8D2D00951D75 /* Text-Processing */ = {
			isa = PBXGroup;
			children = (
				94D411A12B9C8D6100951D75 /* Source */,
				94D411AD2B9C8FA500951D75 /* Common */,
				94D411A92B9C8F1F00951D75 /* Resources */,
				94D411992B9C8D2E00951D75 /* Preview Content */,
			);
			path = "Text-Processing";
			sourceTree = "<group>";
		};
		94D411992B9C8D2E00951D75 /* Preview Content */ = {
			isa = PBXGroup;
			children = (
				94D4119A2B9C8D2E00951D75 /* Preview Assets.xcassets */,
			);
			path = "Preview Content";
			sourceTree = "<group>";
		};
		94D411A12B9C8D6100951D75 /* Source */ = {
			isa = PBXGroup;
			children = (
				94D411B62B9C994E00951D75 /* Model */,
				94D411A42B9C8DB100951D75 /* App */,
				94D411A22B9C8D6800951D75 /* Module */,
			);
			path = Source;
			sourceTree = "<group>";
		};
		94D411A22B9C8D6800951D75 /* Module */ = {
			isa = PBXGroup;
			children = (
				94D411A32B9C8D8F00951D75 /* Main */,
			);
			path = Module;
			sourceTree = "<group>";
		};
		94D411A32B9C8D8F00951D75 /* Main */ = {
			isa = PBXGroup;
			children = (
				94D411A52B9C8DD800951D75 /* View */,
				94D411A62B9C8DDD00951D75 /* ViewModel */,
			);
			path = Main;
			sourceTree = "<group>";
		};
		94D411A42B9C8DB100951D75 /* App */ = {
			isa = PBXGroup;
			children = (
				94D411932B9C8D2D00951D75 /* Text_ProcessingApp.swift */,
			);
			path = App;
			sourceTree = "<group>";
		};
		94D411A52B9C8DD800951D75 /* View */ = {
			isa = PBXGroup;
			children = (
				94D411B32B9C958900951D75 /* Subview */,
				94D411952B9C8D2D00951D75 /* ProcessingCategoriesView.swift */,
			);
			path = View;
			sourceTree = "<group>";
		};
		94D411A62B9C8DDD00951D75 /* ViewModel */ = {
			isa = PBXGroup;
			children = (
				94D411A72B9C8DE900951D75 /* MainViewModel.swift */,
			);
			path = ViewModel;
			sourceTree = "<group>";
		};
		94D411A92B9C8F1F00951D75 /* Resources */ = {
			isa = PBXGroup;
			children = (
				94D411972B9C8D2E00951D75 /* Assets.xcassets */,
				94D411AB2B9C8F4F00951D75 /* LocalizableStrings.swift */,
				94D411B12B9C900300951D75 /* Localizable.xcstrings */,
			);
			path = Resources;
			sourceTree = "<group>";
		};
		94D411AD2B9C8FA500951D75 /* Common */ = {
			isa = PBXGroup;
			children = (
				94D411B92B9CC9DE00951D75 /* UI */,
				94D411AE2B9C8FAD00951D75 /* Extensions */,
			);
			path = Common;
			sourceTree = "<group>";
		};
		94D411AE2B9C8FAD00951D75 /* Extensions */ = {
			isa = PBXGroup;
			children = (
				94D411AF2B9C8FB500951D75 /* String + Ext.swift */,
			);
			path = Extensions;
			sourceTree = "<group>";
		};
		94D411B32B9C958900951D75 /* Subview */ = {
			isa = PBXGroup;
			children = (
				94D411B42B9C95A300951D75 /* TextProcessingCategoryView.swift */,
			);
			path = Subview;
			sourceTree = "<group>";
		};
		94D411B62B9C994E00951D75 /* Model */ = {
			isa = PBXGroup;
			children = (
				94D411B72B9C995B00951D75 /* TextProcessingCategory.swift */,
			);
			path = Model;
			sourceTree = "<group>";
		};
		94D411B92B9CC9DE00951D75 /* UI */ = {
			isa = PBXGroup;
			children = (
				94D411BA2B9CCA3400951D75 /* PushDownButtonStyle.swift */,
			);
			path = UI;
			sourceTree = "<group>";
		};
/* End PBXGroup section */

/* Begin PBXNativeTarget section */
		94D4118F2B9C8D2D00951D75 /* Text-Processing */ = {
			isa = PBXNativeTarget;
			buildConfigurationList = 94D4119E2B9C8D2E00951D75 /* Build configuration list for PBXNativeTarget "Text-Processing" */;
			buildPhases = (
				94D4118C2B9C8D2D00951D75 /* Sources */,
				94D4118D2B9C8D2D00951D75 /* Frameworks */,
				94D4118E2B9C8D2D00951D75 /* Resources */,
			);
			buildRules = (
			);
			dependencies = (
			);
			name = "Text-Processing";
			productName = "Text-Processing";
			productReference = 94D411902B9C8D2D00951D75 /* Text-Processing.app */;
			productType = "com.apple.product-type.application";
		};
/* End PBXNativeTarget section */

/* Begin PBXProject section */
		94D411882B9C8D2D00951D75 /* Project object */ = {
			isa = PBXProject;
			attributes = {
				BuildIndependentTargetsInParallel = 1;
				LastSwiftUpdateCheck = 1520;
				LastUpgradeCheck = 1520;
				TargetAttributes = {
					94D4118F2B9C8D2D00951D75 = {
						CreatedOnToolsVersion = 15.2;
					};
				};
			};
			buildConfigurationList = 94D4118B2B9C8D2D00951D75 /* Build configuration list for PBXProject "Text-Processing" */;
			compatibilityVersion = "Xcode 14.0";
			developmentRegion = en;
			hasScannedForEncodings = 0;
			knownRegions = (
				en,
				Base,
				ru,
			);
			mainGroup = 94D411872B9C8D2D00951D75;
			productRefGroup = 94D411912B9C8D2D00951D75 /* Products */;
			projectDirPath = "";
			projectRoot = "";
			targets = (
				94D4118F2B9C8D2D00951D75 /* Text-Processing */,
			);
		};
/* End PBXProject section */

/* Begin PBXResourcesBuildPhase section */
		94D4118E2B9C8D2D00951D75 /* Resources */ = {
			isa = PBXResourcesBuildPhase;
			buildActionMask = 2147483647;
			files = (
				94D4119B2B9C8D2E00951D75 /* Preview Assets.xcassets in Resources */,
				94D411982B9C8D2E00951D75 /* Assets.xcassets in Resources */,
				94D411B22B9C900300951D75 /* Localizable.xcstrings in Resources */,
			);
			runOnlyForDeploymentPostprocessing = 0;
		};
/* End PBXResourcesBuildPhase section */

/* Begin PBXSourcesBuildPhase section */
		94D4118C2B9C8D2D00951D75 /* Sources */ = {
			isa = PBXSourcesBuildPhase;
			buildActionMask = 2147483647;
			files = (
				94D411962B9C8D2D00951D75 /* ProcessingCategoriesView.swift in Sources */,
				94D411BB2B9CCA3400951D75 /* PushDownButtonStyle.swift in Sources */,
				94D411942B9C8D2D00951D75 /* Text_ProcessingApp.swift in Sources */,
				94D411B52B9C95A300951D75 /* TextProcessingCategoryView.swift in Sources */,
				94D411B02B9C8FB500951D75 /* String + Ext.swift in Sources */,
				94D411A82B9C8DE900951D75 /* MainViewModel.swift in Sources */,
				94D411B82B9C995B00951D75 /* TextProcessingCategory.swift in Sources */,
				94D411AC2B9C8F4F00951D75 /* LocalizableStrings.swift in Sources */,
			);
			runOnlyForDeploymentPostprocessing = 0;
		};
/* End PBXSourcesBuildPhase section */

/* Begin XCBuildConfiguration section */
		94D4119C2B9C8D2E00951D75 /* Debug */ = {
			isa = XCBuildConfiguration;
			buildSettings = {
				ALWAYS_SEARCH_USER_PATHS = NO;
				ASSETCATALOG_COMPILER_GENERATE_SWIFT_ASSET_SYMBOL_EXTENSIONS = YES;
				CLANG_ANALYZER_NONNULL = YES;
				CLANG_ANALYZER_NUMBER_OBJECT_CONVERSION = YES_AGGRESSIVE;
				CLANG_CXX_LANGUAGE_STANDARD = "gnu++20";
				CLANG_ENABLE_MODULES = YES;
				CLANG_ENABLE_OBJC_ARC = YES;
				CLANG_ENABLE_OBJC_WEAK = YES;
				CLANG_WARN_BLOCK_CAPTURE_AUTORELEASING = YES;
				CLANG_WARN_BOOL_CONVERSION = YES;
				CLANG_WARN_COMMA = YES;
				CLANG_WARN_CONSTANT_CONVERSION = YES;
				CLANG_WARN_DEPRECATED_OBJC_IMPLEMENTATIONS = YES;
				CLANG_WARN_DIRECT_OBJC_ISA_USAGE = YES_ERROR;
				CLANG_WARN_DOCUMENTATION_COMMENTS = YES;
				CLANG_WARN_EMPTY_BODY = YES;
				CLANG_WARN_ENUM_CONVERSION = YES;
				CLANG_WARN_INFINITE_RECURSION = YES;
				CLANG_WARN_INT_CONVERSION = YES;
				CLANG_WARN_NON_LITERAL_NULL_CONVERSION = YES;
				CLANG_WARN_OBJC_IMPLICIT_RETAIN_SELF = YES;
				CLANG_WARN_OBJC_LITERAL_CONVERSION = YES;
				CLANG_WARN_OBJC_ROOT_CLASS = YES_ERROR;
				CLANG_WARN_QUOTED_INCLUDE_IN_FRAMEWORK_HEADER = YES;
				CLANG_WARN_RANGE_LOOP_ANALYSIS = YES;
				CLANG_WARN_STRICT_PROTOTYPES = YES;
				CLANG_WARN_SUSPICIOUS_MOVE = YES;
				CLANG_WARN_UNGUARDED_AVAILABILITY = YES_AGGRESSIVE;
				CLANG_WARN_UNREACHABLE_CODE = YES;
				CLANG_WARN__DUPLICATE_METHOD_MATCH = YES;
				COPY_PHASE_STRIP = NO;
				DEBUG_INFORMATION_FORMAT = dwarf;
				ENABLE_STRICT_OBJC_MSGSEND = YES;
				ENABLE_TESTABILITY = YES;
				ENABLE_USER_SCRIPT_SANDBOXING = YES;
				GCC_C_LANGUAGE_STANDARD = gnu17;
				GCC_DYNAMIC_NO_PIC = NO;
				GCC_NO_COMMON_BLOCKS = YES;
				GCC_OPTIMIZATION_LEVEL = 0;
				GCC_PREPROCESSOR_DEFINITIONS = (
					"DEBUG=1",
					"$(inherited)",
				);
				GCC_WARN_64_TO_32_BIT_CONVERSION = YES;
				GCC_WARN_ABOUT_RETURN_TYPE = YES_ERROR;
				GCC_WARN_UNDECLARED_SELECTOR = YES;
				GCC_WARN_UNINITIALIZED_AUTOS = YES_AGGRESSIVE;
				GCC_WARN_UNUSED_FUNCTION = YES;
				GCC_WARN_UNUSED_VARIABLE = YES;
				IPHONEOS_DEPLOYMENT_TARGET = 17.2;
				LOCALIZATION_PREFERS_STRING_CATALOGS = YES;
				MTL_ENABLE_DEBUG_INFO = INCLUDE_SOURCE;
				MTL_FAST_MATH = YES;
				ONLY_ACTIVE_ARCH = YES;
				SDKROOT = iphoneos;
				SWIFT_ACTIVE_COMPILATION_CONDITIONS = "DEBUG $(inherited)";
				SWIFT_OPTIMIZATION_LEVEL = "-Onone";
			};
			name = Debug;
		};
		94D4119D2B9C8D2E00951D75 /* Release */ = {
			isa = XCBuildConfiguration;
			buildSettings = {
				ALWAYS_SEARCH_USER_PATHS = NO;
				ASSETCATALOG_COMPILER_GENERATE_SWIFT_ASSET_SYMBOL_EXTENSIONS = YES;
				CLANG_ANALYZER_NONNULL = YES;
				CLANG_ANALYZER_NUMBER_OBJECT_CONVERSION = YES_AGGRESSIVE;
				CLANG_CXX_LANGUAGE_STANDARD = "gnu++20";
				CLANG_ENABLE_MODULES = YES;
				CLANG_ENABLE_OBJC_ARC = YES;
				CLANG_ENABLE_OBJC_WEAK = YES;
				CLANG_WARN_BLOCK_CAPTURE_AUTORELEASING = YES;
				CLANG_WARN_BOOL_CONVERSION = YES;
				CLANG_WARN_COMMA = YES;
				CLANG_WARN_CONSTANT_CONVERSION = YES;
				CLANG_WARN_DEPRECATED_OBJC_IMPLEMENTATIONS = YES;
				CLANG_WARN_DIRECT_OBJC_ISA_USAGE = YES_ERROR;
				CLANG_WARN_DOCUMENTATION_COMMENTS = YES;
				CLANG_WARN_EMPTY_BODY = YES;
				CLANG_WARN_ENUM_CONVERSION = YES;
				CLANG_WARN_INFINITE_RECURSION = YES;
				CLANG_WARN_INT_CONVERSION = YES;
				CLANG_WARN_NON_LITERAL_NULL_CONVERSION = YES;
				CLANG_WARN_OBJC_IMPLICIT_RETAIN_SELF = YES;
				CLANG_WARN_OBJC_LITERAL_CONVERSION = YES;
				CLANG_WARN_OBJC_ROOT_CLASS = YES_ERROR;
				CLANG_WARN_QUOTED_INCLUDE_IN_FRAMEWORK_HEADER = YES;
				CLANG_WARN_RANGE_LOOP_ANALYSIS = YES;
				CLANG_WARN_STRICT_PROTOTYPES = YES;
				CLANG_WARN_SUSPICIOUS_MOVE = YES;
				CLANG_WARN_UNGUARDED_AVAILABILITY = YES_AGGRESSIVE;
				CLANG_WARN_UNREACHABLE_CODE = YES;
				CLANG_WARN__DUPLICATE_METHOD_MATCH = YES;
				COPY_PHASE_STRIP = NO;
				DEBUG_INFORMATION_FORMAT = "dwarf-with-dsym";
				ENABLE_NS_ASSERTIONS = NO;
				ENABLE_STRICT_OBJC_MSGSEND = YES;
				ENABLE_USER_SCRIPT_SANDBOXING = YES;
				GCC_C_LANGUAGE_STANDARD = gnu17;
				GCC_NO_COMMON_BLOCKS = YES;
				GCC_WARN_64_TO_32_BIT_CONVERSION = YES;
				GCC_WARN_ABOUT_RETURN_TYPE = YES_ERROR;
				GCC_WARN_UNDECLARED_SELECTOR = YES;
				GCC_WARN_UNINITIALIZED_AUTOS = YES_AGGRESSIVE;
				GCC_WARN_UNUSED_FUNCTION = YES;
				GCC_WARN_UNUSED_VARIABLE = YES;
				IPHONEOS_DEPLOYMENT_TARGET = 17.2;
				LOCALIZATION_PREFERS_STRING_CATALOGS = YES;
				MTL_ENABLE_DEBUG_INFO = NO;
				MTL_FAST_MATH = YES;
				SDKROOT = iphoneos;
				SWIFT_COMPILATION_MODE = wholemodule;
				VALIDATE_PRODUCT = YES;
			};
			name = Release;
		};
		94D4119F2B9C8D2E00951D75 /* Debug */ = {
			isa = XCBuildConfiguration;
			buildSettings = {
				ASSETCATALOG_COMPILER_APPICON_NAME = AppIcon;
				ASSETCATALOG_COMPILER_GLOBAL_ACCENT_COLOR_NAME = AccentColor;
				CODE_SIGN_STYLE = Automatic;
				CURRENT_PROJECT_VERSION = 1;
				DEVELOPMENT_ASSET_PATHS = "\"Text-Processing/Preview Content\"";
				DEVELOPMENT_TEAM = XX34NBC2NS;
				ENABLE_PREVIEWS = YES;
				GENERATE_INFOPLIST_FILE = YES;
				INFOPLIST_KEY_UIApplicationSceneManifest_Generation = YES;
				INFOPLIST_KEY_UIApplicationSupportsIndirectInputEvents = YES;
				INFOPLIST_KEY_UILaunchScreen_Generation = YES;
				INFOPLIST_KEY_UISupportedInterfaceOrientations = UIInterfaceOrientationPortrait;
				LD_RUNPATH_SEARCH_PATHS = (
					"$(inherited)",
					"@executable_path/Frameworks",
				);
				MARKETING_VERSION = 1.0;
				PRODUCT_BUNDLE_IDENTIFIER = "com.malil.dugulubgov.Text-Processing";
				PRODUCT_NAME = "$(TARGET_NAME)";
				SUPPORTED_PLATFORMS = "iphoneos iphonesimulator";
				SUPPORTS_MACCATALYST = NO;
				SUPPORTS_MAC_DESIGNED_FOR_IPHONE_IPAD = NO;
				SUPPORTS_XR_DESIGNED_FOR_IPHONE_IPAD = NO;
				SWIFT_EMIT_LOC_STRINGS = YES;
				SWIFT_VERSION = 5.0;
				TARGETED_DEVICE_FAMILY = 1;
			};
			name = Debug;
		};
		94D411A02B9C8D2E00951D75 /* Release */ = {
			isa = XCBuildConfiguration;
			buildSettings = {
				ASSETCATALOG_COMPILER_APPICON_NAME = AppIcon;
				ASSETCATALOG_COMPILER_GLOBAL_ACCENT_COLOR_NAME = AccentColor;
				CODE_SIGN_STYLE = Automatic;
				CURRENT_PROJECT_VERSION = 1;
				DEVELOPMENT_ASSET_PATHS = "\"Text-Processing/Preview Content\"";
				DEVELOPMENT_TEAM = XX34NBC2NS;
				ENABLE_PREVIEWS = YES;
				GENERATE_INFOPLIST_FILE = YES;
				INFOPLIST_KEY_UIApplicationSceneManifest_Generation = YES;
				INFOPLIST_KEY_UIApplicationSupportsIndirectInputEvents = YES;
				INFOPLIST_KEY_UILaunchScreen_Generation = YES;
				INFOPLIST_KEY_UISupportedInterfaceOrientations = UIInterfaceOrientationPortrait;
				LD_RUNPATH_SEARCH_PATHS = (
					"$(inherited)",
					"@executable_path/Frameworks",
				);
				MARKETING_VERSION = 1.0;
				PRODUCT_BUNDLE_IDENTIFIER = "com.malil.dugulubgov.Text-Processing";
				PRODUCT_NAME = "$(TARGET_NAME)";
				SUPPORTED_PLATFORMS = "iphoneos iphonesimulator";
				SUPPORTS_MACCATALYST = NO;
				SUPPORTS_MAC_DESIGNED_FOR_IPHONE_IPAD = NO;
				SUPPORTS_XR_DESIGNED_FOR_IPHONE_IPAD = NO;
				SWIFT_EMIT_LOC_STRINGS = YES;
				SWIFT_VERSION = 5.0;
				TARGETED_DEVICE_FAMILY = 1;
			};
			name = Release;
		};
/* End XCBuildConfiguration section */

/* Begin XCConfigurationList section */
		94D4118B2B9C8D2D00951D75 /* Build configuration list for PBXProject "Text-Processing" */ = {
			isa = XCConfigurationList;
			buildConfigurations = (
				94D4119C2B9C8D2E00951D75 /* Debug */,
				94D4119D2B9C8D2E00951D75 /* Release */,
			);
			defaultConfigurationIsVisible = 0;
			defaultConfigurationName = Release;
		};
		94D4119E2B9C8D2E00951D75 /* Build configuration list for PBXNativeTarget "Text-Processing" */ = {
			isa = XCConfigurationList;
			buildConfigurations = (
				94D4119F2B9C8D2E00951D75 /* Debug */,
				94D411A02B9C8D2E00951D75 /* Release */,
			);
			defaultConfigurationIsVisible = 0;
			defaultConfigurationName = Release;
		};
/* End XCConfigurationList section */
	};
	rootObject = 94D411882B9C8D2D00951D75 /* Project object */;
}
